Microsoft Visual Studio Solution File, Format Version 12.00
# Visual Studio Version 17
VisualStudioVersion = 17.5.2.0
MinimumVisualStudioVersion = 10.0.40219.1
Project("{FAE04EC0-301F-11D3-BF4B-00C04F79EFBC}") = "mcoffers", "mcoffers.csproj", "{8FD7BAF4-EA73-B9D6-3DC0-5C9C74307DD7}"
EndProject
Global
	GlobalSection(SolutionConfigurationPlatforms) = preSolution
		Debug|Any CPU = Debug|Any CPU
		Release|Any CPU = Release|Any CPU
	EndGlobalSection
	GlobalSection(ProjectConfigurationPlatforms) = postSolution
		{8FD7BAF4-EA73-B9D6-3DC0-5C9C74307DD7}.Debug|Any CPU.ActiveCfg = Debug|Any CPU
		{8FD7BAF4-EA73-B9D6-3DC0-5C9C74307DD7}.Debug|Any CPU.Build.0 = Debug|Any CPU
		{8FD7BAF4-EA73-B9D6-3DC0-5C9C74307DD7}.Release|Any CPU.ActiveCfg = Release|Any CPU
		{8FD7BAF4-EA73-B9D6-3DC0-5C9C74307DD7}.Release|Any CPU.Build.0 = Release|Any CPU
	EndGlobalSection
	GlobalSection(SolutionProperties) = preSolution
		HideSolutionNode = FALSE
	EndGlobalSection
	GlobalSection(ExtensibilityGlobals) = postSolution
		SolutionGuid = {7F9DE8C0-9F9D-4E21-B7A4-65C80DC17550}
	EndGlobalSection
EndGlobal
